
Microsoft Visual Studio Solution File, Format Version 12.00
# Visual Studio 2012
Project("{FAE04EC0-301F-11D3-BF4B-00C04F79EFBC}") = "MapApp", "MapApp\MapApp.csproj", "{18944DBC-0979-40DB-A502-491088F80252}"
EndProject
Global
	GlobalSection(SolutionConfigurationPlatforms) = preSolution
		Debug|Any CPU = Debug|Any CPU
		Release|Any CPU = Release|Any CPU
	EndGlobalSection
	GlobalSection(ProjectConfigurationPlatforms) = postSolution
		{18944DBC-0979-40DB-A502-491088F80252}.Debug|Any CPU.ActiveCfg = Debug|Any CPU
		{18944DBC-0979-40DB-A502-491088F80252}.Debug|Any CPU.Build.0 = Debug|Any CPU
		{18944DBC-0979-40DB-A502-491088F80252}.Release|Any CPU.ActiveCfg = Release|Any CPU
		{18944DBC-0979-40DB-A502-491088F80252}.Release|Any CPU.Build.0 = Release|Any CPU
	EndGlobalSection
	GlobalSection(SolutionProperties) = preSolution
		HideSolutionNode = FALSE
	EndGlobalSection
EndGlobal
